
Microsoft Visual Studio Solution File, Format Version 12.00
# Visual Studio 2013
VisualStudioVersion = 12.0.40629.0
MinimumVisualStudioVersion = 10.0.40219.1
Project("{FAE04EC0-301F-11D3-BF4B-00C04F79EFBC}") = "RuleValidator_Proto.Tests", "RuleValidator_Proto.Tests\RuleValidator_Proto.Tests.csproj", "{C6DCDEC2-2332-403D-A448-15C66F40F0ED}"
EndProject
Project("{FAE04EC0-301F-11D3-BF4B-00C04F79EFBC}") = "RuleValidator_Proto.Domain", "RuleValidator_Proto.Domain\RuleValidator_Proto.Domain.csproj", "{00CAC107-B593-47D0-8D34-C53F938E105A}"
EndProject
Project("{FAE04EC0-301F-11D3-BF4B-00C04F79EFBC}") = "RuleValidator_Proto.Integration", "RuleValidator_Proto.Integration\RuleValidator_Proto.Integration.csproj", "{806FA9A9-F5B0-49D2-AB24-0BD42377F940}"
EndProject
Global
	GlobalSection(SolutionConfigurationPlatforms) = preSolution
		Debug|Any CPU = Debug|Any CPU
		Release|Any CPU = Release|Any CPU
	EndGlobalSection
	GlobalSection(ProjectConfigurationPlatforms) = postSolution
		{C6DCDEC2-2332-403D-A448-15C66F40F0ED}.Debug|Any CPU.ActiveCfg = Debug|Any CPU
		{C6DCDEC2-2332-403D-A448-15C66F40F0ED}.Debug|Any CPU.Build.0 = Debug|Any CPU
		{C6DCDEC2-2332-403D-A448-15C66F40F0ED}.Release|Any CPU.ActiveCfg = Release|Any CPU
		{C6DCDEC2-2332-403D-A448-15C66F40F0ED}.Release|Any CPU.Build.0 = Release|Any CPU
		{00CAC107-B593-47D0-8D34-C53F938E105A}.Debug|Any CPU.ActiveCfg = Debug|Any CPU
		{00CAC107-B593-47D0-8D34-C53F938E105A}.Debug|Any CPU.Build.0 = Debug|Any CPU
		{00CAC107-B593-47D0-8D34-C53F938E105A}.Release|Any CPU.ActiveCfg = Release|Any CPU
		{00CAC107-B593-47D0-8D34-C53F938E105A}.Release|Any CPU.Build.0 = Release|Any CPU
		{806FA9A9-F5B0-49D2-AB24-0BD42377F940}.Debug|Any CPU.ActiveCfg = Debug|Any CPU
		{806FA9A9-F5B0-49D2-AB24-0BD42377F940}.Debug|Any CPU.Build.0 = Debug|Any CPU
		{806FA9A9-F5B0-49D2-AB24-0BD42377F940}.Release|Any CPU.ActiveCfg = Release|Any CPU
		{806FA9A9-F5B0-49D2-AB24-0BD42377F940}.Release|Any CPU.Build.0 = Release|Any CPU
	EndGlobalSection
	GlobalSection(SolutionProperties) = preSolution
		HideSolutionNode = FALSE
	EndGlobalSection
EndGlobal
